
Microsoft Visual Studio Solution File, Format Version 12.00
# Visual Studio 15
VisualStudioVersion = 15.0.27428.2037
MinimumVisualStudioVersion = 10.0.40219.1
Project("{FAE04EC0-301F-11D3-BF4B-00C04F79EFBC}") = "RoKBot", "RoKBot\RoKBot.csproj", "{7910D628-E938-41AD-BEE9-908E5C4043C7}"
EndProject
Project("{FAE04EC0-301F-11D3-BF4B-00C04F79EFBC}") = "GoogleApiTest", "GoogleApiTest\GoogleApiTest.csproj", "{D1D16071-DE40-4593-900A-48689BF06F26}"
EndProject
Global
	GlobalSection(SolutionConfigurationPlatforms) = preSolution
		Debug|Any CPU = Debug|Any CPU
		Release|Any CPU = Release|Any CPU
	EndGlobalSection
	GlobalSection(ProjectConfigurationPlatforms) = postSolution
		{7910D628-E938-41AD-BEE9-908E5C4043C7}.Debug|Any CPU.ActiveCfg = Debug|Any CPU
		{7910D628-E938-41AD-BEE9-908E5C4043C7}.Debug|Any CPU.Build.0 = Debug|Any CPU
		{7910D628-E938-41AD-BEE9-908E5C4043C7}.Release|Any CPU.ActiveCfg = Release|Any CPU
		{7910D628-E938-41AD-BEE9-908E5C4043C7}.Release|Any CPU.Build.0 = Release|Any CPU
		{D1D16071-DE40-4593-900A-48689BF06F26}.Debug|Any CPU.ActiveCfg = Debug|Any CPU
		{D1D16071-DE40-4593-900A-48689BF06F26}.Debug|Any CPU.Build.0 = Debug|Any CPU
		{D1D16071-DE40-4593-900A-48689BF06F26}.Release|Any CPU.ActiveCfg = Release|Any CPU
		{D1D16071-DE40-4593-900A-48689BF06F26}.Release|Any CPU.Build.0 = Release|Any CPU
	EndGlobalSection
	GlobalSection(SolutionProperties) = preSolution
		HideSolutionNode = FALSE
	EndGlobalSection
	GlobalSection(ExtensibilityGlobals) = postSolution
		SolutionGuid = {AEE70116-7F16-43F4-8479-172FD1B845A7}
	EndGlobalSection
EndGlobal
